
Microsoft Visual Studio Solution File, Format Version 12.00
# Visual Studio 15
VisualStudioVersion = 15.0.28307.421
MinimumVisualStudioVersion = 10.0.40219.1
Project("{FAE04EC0-301F-11D3-BF4B-00C04F79EFBC}") = "Example_Message_Form", "Example_Message_Form\Example_Message_Form.csproj", "{27376E99-BA43-471F-AD63-D33D38F57177}"
EndProject
Global
	GlobalSection(SolutionConfigurationPlatforms) = preSolution
		Debug|Any CPU = Debug|Any CPU
		Release|Any CPU = Release|Any CPU
	EndGlobalSection
	GlobalSection(ProjectConfigurationPlatforms) = postSolution
		{27376E99-BA43-471F-AD63-D33D38F57177}.Debug|Any CPU.ActiveCfg = Debug|Any CPU
		{27376E99-BA43-471F-AD63-D33D38F57177}.Debug|Any CPU.Build.0 = Debug|Any CPU
		{27376E99-BA43-471F-AD63-D33D38F57177}.Release|Any CPU.ActiveCfg = Release|Any CPU
		{27376E99-BA43-471F-AD63-D33D38F57177}.Release|Any CPU.Build.0 = Release|Any CPU
	EndGlobalSection
	GlobalSection(SolutionProperties) = preSolution
		HideSolutionNode = FALSE
	EndGlobalSection
	GlobalSection(ExtensibilityGlobals) = postSolution
		SolutionGuid = {72C43F93-D019-4B79-B8D8-A5AF1501D88B}
	EndGlobalSection
EndGlobal
